
Microsoft Visual Studio Solution File, Format Version 12.00
# Visual Studio 14
VisualStudioVersion = 14.0.25420.1
MinimumVisualStudioVersion = 10.0.40219.1
Project("{FAE04EC0-301F-11D3-BF4B-00C04F79EFBC}") = "API.DataModel", "API.DataModel\API.DataModel.csproj", "{039BDB8F-7CA8-4B1E-B366-10006B40DB0A}"
EndProject
Project("{FAE04EC0-301F-11D3-BF4B-00C04F79EFBC}") = "API.DataModel.MongoDB", "API.DataModel.MongoDB\API.DataModel.MongoDB.csproj", "{0D8F07FF-3858-4E0D-87A2-BD35DED5BA22}"
EndProject
Project("{FAE04EC0-301F-11D3-BF4B-00C04F79EFBC}") = "test", "test\test.csproj", "{A964D4F0-D49E-4076-AF43-AAE088B0CC03}"
EndProject
Project("{FAE04EC0-301F-11D3-BF4B-00C04F79EFBC}") = "API.Entities", "API.Entities\API.Entities.csproj", "{1B74735F-CDD9-4905-A14E-A67B2777AAA5}"
EndProject
Project("{FAE04EC0-301F-11D3-BF4B-00C04F79EFBC}") = "API.DataModel.EFRepository", "API.DataModel.EFRepository\API.DataModel.EFRepository.csproj", "{F129E711-BF57-4DB5-A81B-D7686E5196CE}"
EndProject
Project("{FAE04EC0-301F-11D3-BF4B-00C04F79EFBC}") = "API.DTO.Models", "API.DTO.Models\API.DTO.Models.csproj", "{A444B773-DA87-44DD-A2B1-BBFF4C26892C}"
EndProject
Project("{FAE04EC0-301F-11D3-BF4B-00C04F79EFBC}") = "API.Services", "API.Services\API.Services.csproj", "{95836D94-BA49-4F9C-9382-D680B39BCABB}"
EndProject
Project("{FAE04EC0-301F-11D3-BF4B-00C04F79EFBC}") = "API", "API\API.csproj", "{3E66B11D-B200-4FE9-910A-928D6EAFA7DF}"
EndProject
Global
	GlobalSection(SolutionConfigurationPlatforms) = preSolution
		Debug|Any CPU = Debug|Any CPU
		Release|Any CPU = Release|Any CPU
	EndGlobalSection
	GlobalSection(ProjectConfigurationPlatforms) = postSolution
		{039BDB8F-7CA8-4B1E-B366-10006B40DB0A}.Debug|Any CPU.ActiveCfg = Debug|Any CPU
		{039BDB8F-7CA8-4B1E-B366-10006B40DB0A}.Debug|Any CPU.Build.0 = Debug|Any CPU
		{039BDB8F-7CA8-4B1E-B366-10006B40DB0A}.Release|Any CPU.ActiveCfg = Release|Any CPU
		{039BDB8F-7CA8-4B1E-B366-10006B40DB0A}.Release|Any CPU.Build.0 = Release|Any CPU
		{0D8F07FF-3858-4E0D-87A2-BD35DED5BA22}.Debug|Any CPU.ActiveCfg = Debug|Any CPU
		{0D8F07FF-3858-4E0D-87A2-BD35DED5BA22}.Debug|Any CPU.Build.0 = Debug|Any CPU
		{0D8F07FF-3858-4E0D-87A2-BD35DED5BA22}.Release|Any CPU.ActiveCfg = Release|Any CPU
		{0D8F07FF-3858-4E0D-87A2-BD35DED5BA22}.Release|Any CPU.Build.0 = Release|Any CPU
		{A964D4F0-D49E-4076-AF43-AAE088B0CC03}.Debug|Any CPU.ActiveCfg = Debug|Any CPU
		{A964D4F0-D49E-4076-AF43-AAE088B0CC03}.Debug|Any CPU.Build.0 = Debug|Any CPU
		{A964D4F0-D49E-4076-AF43-AAE088B0CC03}.Release|Any CPU.ActiveCfg = Release|Any CPU
		{A964D4F0-D49E-4076-AF43-AAE088B0CC03}.Release|Any CPU.Build.0 = Release|Any CPU
		{1B74735F-CDD9-4905-A14E-A67B2777AAA5}.Debug|Any CPU.ActiveCfg = Debug|Any CPU
		{1B74735F-CDD9-4905-A14E-A67B2777AAA5}.Debug|Any CPU.Build.0 = Debug|Any CPU
		{1B74735F-CDD9-4905-A14E-A67B2777AAA5}.Release|Any CPU.ActiveCfg = Release|Any CPU
		{1B74735F-CDD9-4905-A14E-A67B2777AAA5}.Release|Any CPU.Build.0 = Release|Any CPU
		{F129E711-BF57-4DB5-A81B-D7686E5196CE}.Debug|Any CPU.ActiveCfg = Debug|Any CPU
		{F129E711-BF57-4DB5-A81B-D7686E5196CE}.Debug|Any CPU.Build.0 = Debug|Any CPU
		{F129E711-BF57-4DB5-A81B-D7686E5196CE}.Release|Any CPU.ActiveCfg = Release|Any CPU
		{F129E711-BF57-4DB5-A81B-D7686E5196CE}.Release|Any CPU.Build.0 = Release|Any CPU
		{A444B773-DA87-44DD-A2B1-BBFF4C26892C}.Debug|Any CPU.ActiveCfg = Debug|Any CPU
		{A444B773-DA87-44DD-A2B1-BBFF4C26892C}.Debug|Any CPU.Build.0 = Debug|Any CPU
		{A444B773-DA87-44DD-A2B1-BBFF4C26892C}.Release|Any CPU.ActiveCfg = Release|Any CPU
		{A444B773-DA87-44DD-A2B1-BBFF4C26892C}.Release|Any CPU.Build.0 = Release|Any CPU
		{95836D94-BA49-4F9C-9382-D680B39BCABB}.Debug|Any CPU.ActiveCfg = Debug|Any CPU
		{95836D94-BA49-4F9C-9382-D680B39BCABB}.Debug|Any CPU.Build.0 = Debug|Any CPU
		{95836D94-BA49-4F9C-9382-D680B39BCABB}.Release|Any CPU.ActiveCfg = Release|Any CPU
		{95836D94-BA49-4F9C-9382-D680B39BCABB}.Release|Any CPU.Build.0 = Release|Any CPU
		{3E66B11D-B200-4FE9-910A-928D6EAFA7DF}.Debug|Any CPU.ActiveCfg = Debug|Any CPU
		{3E66B11D-B200-4FE9-910A-928D6EAFA7DF}.Debug|Any CPU.Build.0 = Debug|Any CPU
		{3E66B11D-B200-4FE9-910A-928D6EAFA7DF}.Release|Any CPU.ActiveCfg = Release|Any CPU
		{3E66B11D-B200-4FE9-910A-928D6EAFA7DF}.Release|Any CPU.Build.0 = Release|Any CPU
	EndGlobalSection
	GlobalSection(SolutionProperties) = preSolution
		HideSolutionNode = FALSE
	EndGlobalSection
EndGlobal
